
Microsoft Visual Studio Solution File, Format Version 12.00
# Visual Studio Version 16
VisualStudioVersion = 16.0.32002.261
MinimumVisualStudioVersion = 10.0.40219.1
Project("{FAE04EC0-301F-11D3-BF4B-00C04F79EFBC}") = "Lesson1", "Lesson1\Lesson1.csproj", "{950F4859-1A1D-4530-9525-A338738CB053}"
EndProject
Project("{FAE04EC0-301F-11D3-BF4B-00C04F79EFBC}") = "Lesson2", "Lesson2\Lesson2.csproj", "{FDBF714E-8BD2-4F4E-A06E-CCB5F42ADFFE}"
EndProject
Global
	GlobalSection(SolutionConfigurationPlatforms) = preSolution
		Debug|Any CPU = Debug|Any CPU
		Release|Any CPU = Release|Any CPU
	EndGlobalSection
	GlobalSection(ProjectConfigurationPlatforms) = postSolution
		{950F4859-1A1D-4530-9525-A338738CB053}.Debug|Any CPU.ActiveCfg = Debug|Any CPU
		{950F4859-1A1D-4530-9525-A338738CB053}.Debug|Any CPU.Build.0 = Debug|Any CPU
		{950F4859-1A1D-4530-9525-A338738CB053}.Release|Any CPU.ActiveCfg = Release|Any CPU
		{950F4859-1A1D-4530-9525-A338738CB053}.Release|Any CPU.Build.0 = Release|Any CPU
		{FDBF714E-8BD2-4F4E-A06E-CCB5F42ADFFE}.Debug|Any CPU.ActiveCfg = Debug|Any CPU
		{FDBF714E-8BD2-4F4E-A06E-CCB5F42ADFFE}.Debug|Any CPU.Build.0 = Debug|Any CPU
		{FDBF714E-8BD2-4F4E-A06E-CCB5F42ADFFE}.Release|Any CPU.ActiveCfg = Release|Any CPU
		{FDBF714E-8BD2-4F4E-A06E-CCB5F42ADFFE}.Release|Any CPU.Build.0 = Release|Any CPU
	EndGlobalSection
	GlobalSection(SolutionProperties) = preSolution
		HideSolutionNode = FALSE
	EndGlobalSection
	GlobalSection(ExtensibilityGlobals) = postSolution
		SolutionGuid = {9F69902D-1C3E-4BAE-AB8F-8310CEC866E3}
	EndGlobalSection
EndGlobal
